// !$*UTF8*$!
{
	archiveVersion = 1;
	classes = {
	};
	objectVersion = 50;
	objects = {

/* Begin PBXBuildFile section */
		605C192F25A2D88800C8E09E /* MKCoordinateRegion+Extension.swift in Sources */ = {isa = PBXBuildFile; fileRef = 605C192E25A2D88800C8E09E /* MKCoordinateRegion+Extension.swift */; };
		605C193A25A2DF1900C8E09E /* YelpData.swift in Sources */ = {isa = PBXBuildFile; fileRef = 605C193925A2DF1900C8E09E /* YelpData.swift */; };
		605C193E25A2DF2A00C8E09E /* Coordinates.swift in Sources */ = {isa = PBXBuildFile; fileRef = 605C193D25A2DF2A00C8E09E /* Coordinates.swift */; };
		605C194225A2DF3700C8E09E /* Hour.swift in Sources */ = {isa = PBXBuildFile; fileRef = 605C194125A2DF3700C8E09E /* Hour.swift */; };
		605C194625A2DF7D00C8E09E /* Location.swift in Sources */ = {isa = PBXBuildFile; fileRef = 605C194525A2DF7D00C8E09E /* Location.swift */; };
		60A0E75224E44FE10055385F /* AppDelegate.swift in Sources */ = {isa = PBXBuildFile; fileRef = 60A0E75124E44FE10055385F /* AppDelegate.swift */; };
		60A0E75424E44FE10055385F /* SceneDelegate.swift in Sources */ = {isa = PBXBuildFile; fileRef = 60A0E75324E44FE10055385F /* SceneDelegate.swift */; };
		60A0E75B24E44FE30055385F /* Assets.xcassets in Resources */ = {isa = PBXBuildFile; fileRef = 60A0E75A24E44FE30055385F /* Assets.xcassets */; };
		60A0E75E24E44FE30055385F /* LaunchScreen.storyboard in Resources */ = {isa = PBXBuildFile; fileRef = 60A0E75C24E44FE30055385F /* LaunchScreen.storyboard */; };
		60A0E76924E44FE30055385F /* FoodFinderTests.swift in Sources */ = {isa = PBXBuildFile; fileRef = 60A0E76824E44FE30055385F /* FoodFinderTests.swift */; };
		60A0E77624E4625C0055385F /* YelpAPI.swift in Sources */ = {isa = PBXBuildFile; fileRef = 60A0E77524E4625C0055385F /* YelpAPI.swift */; };
		60A0E77A24E4947E0055385F /* MainViewController.swift in Sources */ = {isa = PBXBuildFile; fileRef = 60A0E77924E4947E0055385F /* MainViewController.swift */; };
		60A0E77C24E494870055385F /* MapViewController.swift in Sources */ = {isa = PBXBuildFile; fileRef = 60A0E77B24E494870055385F /* MapViewController.swift */; };
		60A0E77E24E4948F0055385F /* RestaurantsViewController.swift in Sources */ = {isa = PBXBuildFile; fileRef = 60A0E77D24E4948F0055385F /* RestaurantsViewController.swift */; };
		60A0E78124E49DF80055385F /* Restaurant.swift in Sources */ = {isa = PBXBuildFile; fileRef = 60A0E78024E49DF80055385F /* Restaurant.swift */; };
		60A0E78424E4A1F60055385F /* MapViewModel.swift in Sources */ = {isa = PBXBuildFile; fileRef = 60A0E78324E4A1F60055385F /* MapViewModel.swift */; };
		60A0E78624E4B2610055385F /* LocationManager.swift in Sources */ = {isa = PBXBuildFile; fileRef = 60A0E78524E4B2610055385F /* LocationManager.swift */; };
		60A0E78824E4BCD40055385F /* RestaurantInfo.swift in Sources */ = {isa = PBXBuildFile; fileRef = 60A0E78724E4BCD40055385F /* RestaurantInfo.swift */; };
		60DF048D24E4E22000614284 /* RestaurantsViewModel.swift in Sources */ = {isa = PBXBuildFile; fileRef = 60DF048C24E4E22000614284 /* RestaurantsViewModel.swift */; };
		60DF048F24E4FEA800614284 /* RestaurantTableViewCell.swift in Sources */ = {isa = PBXBuildFile; fileRef = 60DF048E24E4FEA800614284 /* RestaurantTableViewCell.swift */; };
/* End PBXBuildFile section */

/* Begin PBXContainerItemProxy section */
		60A0E76524E44FE30055385F /* PBXContainerItemProxy */ = {
			isa = PBXContainerItemProxy;
			containerPortal = 60A0E74624E44FE10055385F /* Project object */;
			proxyType = 1;
			remoteGlobalIDString = 60A0E74D24E44FE10055385F;
			remoteInfo = FoodFinder;
		};
/* End PBXContainerItemProxy section */

/* Begin PBXFileReference section */
		605C192E25A2D88800C8E09E /* MKCoordinateRegion+Extension.swift */ = {isa = PBXFileReference; lastKnownFileType = sourcecode.swift; path = "MKCoordinateRegion+Extension.swift"; sourceTree = "<group>"; };
		605C193925A2DF1900C8E09E /* YelpData.swift */ = {isa = PBXFileReference; lastKnownFileType = sourcecode.swift; path = YelpData.swift; sourceTree = "<group>"; };
		605C193D25A2DF2A00C8E09E /* Coordinates.swift */ = {isa = PBXFileReference; lastKnownFileType = sourcecode.swift; path = Coordinates.swift; sourceTree = "<group>"; };
		605C194125A2DF3700C8E09E /* Hour.swift */ = {isa = PBXFileReference; lastKnownFileType = sourcecode.swift; path = Hour.swift; sourceTree = "<group>"; };
		605C194525A2DF7D00C8E09E /* Location.swift */ = {isa = PBXFileReference; lastKnownFileType = sourcecode.swift; path = Location.swift; sourceTree = "<group>"; };
		60A0E74E24E44FE10055385F /* FoodFinder.app */ = {isa = PBXFileReference; explicitFileType = wrapper.application; includeInIndex = 0; path = FoodFinder.app; sourceTree = BUILT_PRODUCTS_DIR; };
		60A0E75124E44FE10055385F /* AppDelegate.swift */ = {isa = PBXFileReference; lastKnownFileType = sourcecode.swift; path = AppDelegate.swift; sourceTree = "<group>"; };
		60A0E75324E44FE10055385F /* SceneDelegate.swift */ = {isa = PBXFileReference; lastKnownFileType = sourcecode.swift; path = SceneDelegate.swift; sourceTree = "<group>"; };
		60A0E75A24E44FE30055385F /* Assets.xcassets */ = {isa = PBXFileReference; lastKnownFileType = folder.assetcatalog; path = Assets.xcassets; sourceTree = "<group>"; };
		60A0E75D24E44FE30055385F /* Base */ = {isa = PBXFileReference; lastKnownFileType = file.storyboard; name = Base; path = Base.lproj/LaunchScreen.storyboard; sourceTree = "<group>"; };
		60A0E75F24E44FE30055385F /* Info.plist */ = {isa = PBXFileReference; lastKnownFileType = text.plist.xml; path = Info.plist; sourceTree = "<group>"; };
		60A0E76424E44FE30055385F /* FoodFinderTests.xctest */ = {isa = PBXFileReference; explicitFileType = wrapper.cfbundle; includeInIndex = 0; path = FoodFinderTests.xctest; sourceTree = BUILT_PRODUCTS_DIR; };
		60A0E76824E44FE30055385F /* FoodFinderTests.swift */ = {isa = PBXFileReference; lastKnownFileType = sourcecode.swift; path = FoodFinderTests.swift; sourceTree = "<group>"; };
		60A0E76A24E44FE30055385F /* Info.plist */ = {isa = PBXFileReference; lastKnownFileType = text.plist.xml; path = Info.plist; sourceTree = "<group>"; };
		60A0E77524E4625C0055385F /* YelpAPI.swift */ = {isa = PBXFileReference; lastKnownFileType = sourcecode.swift; path = YelpAPI.swift; sourceTree = "<group>"; };
		60A0E77924E4947E0055385F /* MainViewController.swift */ = {isa = PBXFileReference; lastKnownFileType = sourcecode.swift; path = MainViewController.swift; sourceTree = "<group>"; };
		60A0E77B24E494870055385F /* MapViewController.swift */ = {isa = PBXFileReference; lastKnownFileType = sourcecode.swift; path = MapViewController.swift; sourceTree = "<group>"; };
		60A0E77D24E4948F0055385F /* RestaurantsViewController.swift */ = {isa = PBXFileReference; lastKnownFileType = sourcecode.swift; path = RestaurantsViewController.swift; sourceTree = "<group>"; };
		60A0E78024E49DF80055385F /* Restaurant.swift */ = {isa = PBXFileReference; lastKnownFileType = sourcecode.swift; path = Restaurant.swift; sourceTree = "<group>"; };
		60A0E78324E4A1F60055385F /* MapViewModel.swift */ = {isa = PBXFileReference; lastKnownFileType = sourcecode.swift; path = MapViewModel.swift; sourceTree = "<group>"; };
		60A0E78524E4B2610055385F /* LocationManager.swift */ = {isa = PBXFileReference; lastKnownFileType = sourcecode.swift; path = LocationManager.swift; sourceTree = "<group>"; };
		60A0E78724E4BCD40055385F /* RestaurantInfo.swift */ = {isa = PBXFileReference; lastKnownFileType = sourcecode.swift; path = RestaurantInfo.swift; sourceTree = "<group>"; };
		60DF048C24E4E22000614284 /* RestaurantsViewModel.swift */ = {isa = PBXFileReference; lastKnownFileType = sourcecode.swift; path = RestaurantsViewModel.swift; sourceTree = "<group>"; };
		60DF048E24E4FEA800614284 /* RestaurantTableViewCell.swift */ = {isa = PBXFileReference; lastKnownFileType = sourcecode.swift; path = RestaurantTableViewCell.swift; sourceTree = "<group>"; };
/* End PBXFileReference section */

/* Begin PBXFrameworksBuildPhase section */
		60A0E74B24E44FE10055385F /* Frameworks */ = {
			isa = PBXFrameworksBuildPhase;
			buildActionMask = 2147483647;
			files = (
			);
			runOnlyForDeploymentPostprocessing = 0;
		};
		60A0E76124E44FE30055385F /* Frameworks */ = {
			isa = PBXFrameworksBuildPhase;
			buildActionMask = 2147483647;
			files = (
			);
			runOnlyForDeploymentPostprocessing = 0;
		};
/* End PBXFrameworksBuildPhase section */

/* Begin PBXGroup section */
		605C193225A2D89D00C8E09E /* Extensions */ = {
			isa = PBXGroup;
			children = (
				605C192E25A2D88800C8E09E /* MKCoordinateRegion+Extension.swift */,
			);
			path = Extensions;
			sourceTree = "<group>";
		};
		60A0E74524E44FE10055385F = {
			isa = PBXGroup;
			children = (
				60A0E75024E44FE10055385F /* FoodFinder */,
				60A0E76724E44FE30055385F /* FoodFinderTests */,
				60A0E74F24E44FE10055385F /* Products */,
			);
			sourceTree = "<group>";
		};
		60A0E74F24E44FE10055385F /* Products */ = {
			isa = PBXGroup;
			children = (
				60A0E74E24E44FE10055385F /* FoodFinder.app */,
				60A0E76424E44FE30055385F /* FoodFinderTests.xctest */,
			);
			name = Products;
			sourceTree = "<group>";
		};
		60A0E75024E44FE10055385F /* FoodFinder */ = {
			isa = PBXGroup;
			children = (
				605C193225A2D89D00C8E09E /* Extensions */,
				60A0E77424E462380055385F /* YelpAPI */,
				60A0E77F24E49DC20055385F /* Models */,
				60A0E77724E494430055385F /* Views */,
				60A0E78224E4A1EA0055385F /* ViewModels */,
				60A0E75124E44FE10055385F /* AppDelegate.swift */,
				60A0E75324E44FE10055385F /* SceneDelegate.swift */,
				60A0E75A24E44FE30055385F /* Assets.xcassets */,
				60A0E75C24E44FE30055385F /* LaunchScreen.storyboard */,
				60A0E75F24E44FE30055385F /* Info.plist */,
				60A0E78524E4B2610055385F /* LocationManager.swift */,
			);
			path = FoodFinder;
			sourceTree = "<group>";
		};
		60A0E76724E44FE30055385F /* FoodFinderTests */ = {
			isa = PBXGroup;
			children = (
				60A0E76824E44FE30055385F /* FoodFinderTests.swift */,
				60A0E76A24E44FE30055385F /* Info.plist */,
			);
			path = FoodFinderTests;
			sourceTree = "<group>";
		};
		60A0E77424E462380055385F /* YelpAPI */ = {
			isa = PBXGroup;
			children = (
				60A0E77524E4625C0055385F /* YelpAPI.swift */,
			);
			path = YelpAPI;
			sourceTree = "<group>";
		};
		60A0E77724E494430055385F /* Views */ = {
			isa = PBXGroup;
			children = (
				60A0E77824E494610055385F /* ViewControllers */,
				60DF048E24E4FEA800614284 /* RestaurantTableViewCell.swift */,
			);
			path = Views;
			sourceTree = "<group>";
		};
		60A0E77824E494610055385F /* ViewControllers */ = {
			isa = PBXGroup;
			children = (
				60A0E77924E4947E0055385F /* MainViewController.swift */,
				60A0E77B24E494870055385F /* MapViewController.swift */,
				60A0E77D24E4948F0055385F /* RestaurantsViewController.swift */,
			);
			path = ViewControllers;
			sourceTree = "<group>";
		};
		60A0E77F24E49DC20055385F /* Models */ = {
			isa = PBXGroup;
			children = (
				60A0E78024E49DF80055385F /* Restaurant.swift */,
				605C194525A2DF7D00C8E09E /* Location.swift */,
				605C193D25A2DF2A00C8E09E /* Coordinates.swift */,
				60A0E78724E4BCD40055385F /* RestaurantInfo.swift */,
				605C194125A2DF3700C8E09E /* Hour.swift */,
				605C193925A2DF1900C8E09E /* YelpData.swift */,
			);
			path = Models;
			sourceTree = "<group>";
		};
		60A0E78224E4A1EA0055385F /* ViewModels */ = {
			isa = PBXGroup;
			children = (
				60A0E78324E4A1F60055385F /* MapViewModel.swift */,
				60DF048C24E4E22000614284 /* RestaurantsViewModel.swift */,
			);
			path = ViewModels;
			sourceTree = "<group>";
		};
/* End PBXGroup section */

/* Begin PBXNativeTarget section */
		60A0E74D24E44FE10055385F /* FoodFinder */ = {
			isa = PBXNativeTarget;
			buildConfigurationList = 60A0E76D24E44FE40055385F /* Build configuration list for PBXNativeTarget "FoodFinder" */;
			buildPhases = (
				605C192525A2684700C8E09E /* ShellScript */,
				60A0E74A24E44FE10055385F /* Sources */,
				60A0E74B24E44FE10055385F /* Frameworks */,
				60A0E74C24E44FE10055385F /* Resources */,
			);
			buildRules = (
			);
			dependencies = (
			);
			name = FoodFinder;
			productName = FoodFinder;
			productReference = 60A0E74E24E44FE10055385F /* FoodFinder.app */;
			productType = "com.apple.product-type.application";
		};
		60A0E76324E44FE30055385F /* FoodFinderTests */ = {
			isa = PBXNativeTarget;
			buildConfigurationList = 60A0E77024E44FE40055385F /* Build configuration list for PBXNativeTarget "FoodFinderTests" */;
			buildPhases = (
				60A0E76024E44FE30055385F /* Sources */,
				60A0E76124E44FE30055385F /* Frameworks */,
				60A0E76224E44FE30055385F /* Resources */,
			);
			buildRules = (
			);
			dependencies = (
				60A0E76624E44FE30055385F /* PBXTargetDependency */,
			);
			name = FoodFinderTests;
			productName = FoodFinderTests;
			productReference = 60A0E76424E44FE30055385F /* FoodFinderTests.xctest */;
			productType = "com.apple.product-type.bundle.unit-test";
		};
/* End PBXNativeTarget section */

/* Begin PBXProject section */
		60A0E74624E44FE10055385F /* Project object */ = {
			isa = PBXProject;
			attributes = {
				LastSwiftUpdateCheck = 1160;
				LastUpgradeCheck = 1160;
				ORGANIZATIONNAME = "Giovanni Noa";
				TargetAttributes = {
					60A0E74D24E44FE10055385F = {
						CreatedOnToolsVersion = 11.6;
					};
					60A0E76324E44FE30055385F = {
						CreatedOnToolsVersion = 11.6;
						TestTargetID = 60A0E74D24E44FE10055385F;
					};
				};
			};
			buildConfigurationList = 60A0E74924E44FE10055385F /* Build configuration list for PBXProject "FoodFinder" */;
			compatibilityVersion = "Xcode 9.3";
			developmentRegion = en;
			hasScannedForEncodings = 0;
			knownRegions = (
				en,
				Base,
			);
			mainGroup = 60A0E74524E44FE10055385F;
			productRefGroup = 60A0E74F24E44FE10055385F /* Products */;
			projectDirPath = "";
			projectRoot = "";
			targets = (
				60A0E74D24E44FE10055385F /* FoodFinder */,
				60A0E76324E44FE30055385F /* FoodFinderTests */,
			);
		};
/* End PBXProject section */

/* Begin PBXResourcesBuildPhase section */
		60A0E74C24E44FE10055385F /* Resources */ = {
			isa = PBXResourcesBuildPhase;
			buildActionMask = 2147483647;
			files = (
				60A0E75E24E44FE30055385F /* LaunchScreen.storyboard in Resources */,
				60A0E75B24E44FE30055385F /* Assets.xcassets in Resources */,
			);
			runOnlyForDeploymentPostprocessing = 0;
		};
		60A0E76224E44FE30055385F /* Resources */ = {
			isa = PBXResourcesBuildPhase;
			buildActionMask = 2147483647;
			files = (
			);
			runOnlyForDeploymentPostprocessing = 0;
		};
/* End PBXResourcesBuildPhase section */

/* Begin PBXShellScriptBuildPhase section */
		605C192525A2684700C8E09E /* ShellScript */ = {
			isa = PBXShellScriptBuildPhase;
			buildActionMask = 2147483647;
			files = (
			);
			inputFileListPaths = (
			);
			inputPaths = (
			);
			outputFileListPaths = (
			);
			outputPaths = (
			);
			runOnlyForDeploymentPostprocessing = 0;
			shellPath = /bin/sh;
			shellScript = "# Type a script or drag a script file from your workspace to insert its path.\nif which swiftlint >/dev/null; then\n  swiftlint\nelse\n  echo \"warning: SwiftLint not installed, download from https://github.com/realm/SwiftLint\"\nfi\n";
		};
/* End PBXShellScriptBuildPhase section */

/* Begin PBXSourcesBuildPhase section */
		60A0E74A24E44FE10055385F /* Sources */ = {
			isa = PBXSourcesBuildPhase;
			buildActionMask = 2147483647;
			files = (
				60A0E78824E4BCD40055385F /* RestaurantInfo.swift in Sources */,
				60A0E77E24E4948F0055385F /* RestaurantsViewController.swift in Sources */,
				605C192F25A2D88800C8E09E /* MKCoordinateRegion+Extension.swift in Sources */,
				605C194225A2DF3700C8E09E /* Hour.swift in Sources */,
				605C193A25A2DF1900C8E09E /* YelpData.swift in Sources */,
				605C194625A2DF7D00C8E09E /* Location.swift in Sources */,
				60DF048D24E4E22000614284 /* RestaurantsViewModel.swift in Sources */,
				60A0E77624E4625C0055385F /* YelpAPI.swift in Sources */,
				60DF048F24E4FEA800614284 /* RestaurantTableViewCell.swift in Sources */,
				60A0E77C24E494870055385F /* MapViewController.swift in Sources */,
				60A0E78124E49DF80055385F /* Restaurant.swift in Sources */,
				605C193E25A2DF2A00C8E09E /* Coordinates.swift in Sources */,
				60A0E75224E44FE10055385F /* AppDelegate.swift in Sources */,
				60A0E75424E44FE10055385F /* SceneDelegate.swift in Sources */,
				60A0E77A24E4947E0055385F /* MainViewController.swift in Sources */,
				60A0E78424E4A1F60055385F /* MapViewModel.swift in Sources */,
				60A0E78624E4B2610055385F /* LocationManager.swift in Sources */,
			);
			runOnlyForDeploymentPostprocessing = 0;
		};
		60A0E76024E44FE30055385F /* Sources */ = {
			isa = PBXSourcesBuildPhase;
			buildActionMask = 2147483647;
			files = (
				60A0E76924E44FE30055385F /* FoodFinderTests.swift in Sources */,
			);
			runOnlyForDeploymentPostprocessing = 0;
		};
/* End PBXSourcesBuildPhase section */

/* Begin PBXTargetDependency section */
		60A0E76624E44FE30055385F /* PBXTargetDependency */ = {
			isa = PBXTargetDependency;
			target = 60A0E74D24E44FE10055385F /* FoodFinder */;
			targetProxy = 60A0E76524E44FE30055385F /* PBXContainerItemProxy */;
		};
/* End PBXTargetDependency section */

/* Begin PBXVariantGroup section */
		60A0E75C24E44FE30055385F /* LaunchScreen.storyboard */ = {
			isa = PBXVariantGroup;
			children = (
				60A0E75D24E44FE30055385F /* Base */,
			);
			name = LaunchScreen.storyboard;
			sourceTree = "<group>";
		};
/* End PBXVariantGroup section */

/* Begin XCBuildConfiguration section */
		60A0E76B24E44FE40055385F /* Debug */ = {
			isa = XCBuildConfiguration;
			buildSettings = {
				ALWAYS_SEARCH_USER_PATHS = NO;
				CLANG_ANALYZER_NONNULL = YES;
				CLANG_ANALYZER_NUMBER_OBJECT_CONVERSION = YES_AGGRESSIVE;
				CLANG_CXX_LANGUAGE_STANDARD = "gnu++14";
				CLANG_CXX_LIBRARY = "libc++";
				CLANG_ENABLE_MODULES = YES;
				CLANG_ENABLE_OBJC_ARC = YES;
				CLANG_ENABLE_OBJC_WEAK = YES;
				CLANG_WARN_BLOCK_CAPTURE_AUTORELEASING = YES;
				CLANG_WARN_BOOL_CONVERSION = YES;
				CLANG_WARN_COMMA = YES;
				CLANG_WARN_CONSTANT_CONVERSION = YES;
				CLANG_WARN_DEPRECATED_OBJC_IMPLEMENTATIONS = YES;
				CLANG_WARN_DIRECT_OBJC_ISA_USAGE = YES_ERROR;
				CLANG_WARN_DOCUMENTATION_COMMENTS = YES;
				CLANG_WARN_EMPTY_BODY = YES;
				CLANG_WARN_ENUM_CONVERSION = YES;
				CLANG_WARN_INFINITE_RECURSION = YES;
				CLANG_WARN_INT_CONVERSION = YES;
				CLANG_WARN_NON_LITERAL_NULL_CONVERSION = YES;
				CLANG_WARN_OBJC_IMPLICIT_RETAIN_SELF = YES;
				CLANG_WARN_OBJC_LITERAL_CONVERSION = YES;
				CLANG_WARN_OBJC_ROOT_CLASS = YES_ERROR;
				CLANG_WARN_RANGE_LOOP_ANALYSIS = YES;
				CLANG_WARN_STRICT_PROTOTYPES = YES;
				CLANG_WARN_SUSPICIOUS_MOVE = YES;
				CLANG_WARN_UNGUARDED_AVAILABILITY = YES_AGGRESSIVE;
				CLANG_WARN_UNREACHABLE_CODE = YES;
				CLANG_WARN__DUPLICATE_METHOD_MATCH = YES;
				COPY_PHASE_STRIP = NO;
				DEBUG_INFORMATION_FORMAT = dwarf;
				ENABLE_STRICT_OBJC_MSGSEND = YES;
				ENABLE_TESTABILITY = YES;
				GCC_C_LANGUAGE_STANDARD = gnu11;
				GCC_DYNAMIC_NO_PIC = NO;
				GCC_NO_COMMON_BLOCKS = YES;
				GCC_OPTIMIZATION_LEVEL = 0;
				GCC_PREPROCESSOR_DEFINITIONS = (
					"DEBUG=1",
					"$(inherited)",
				);
				GCC_WARN_64_TO_32_BIT_CONVERSION = YES;
				GCC_WARN_ABOUT_RETURN_TYPE = YES_ERROR;
				GCC_WARN_UNDECLARED_SELECTOR = YES;
				GCC_WARN_UNINITIALIZED_AUTOS = YES_AGGRESSIVE;
				GCC_WARN_UNUSED_FUNCTION = YES;
				GCC_WARN_UNUSED_VARIABLE = YES;
				IPHONEOS_DEPLOYMENT_TARGET = 13.6;
				MTL_ENABLE_DEBUG_INFO = INCLUDE_SOURCE;
				MTL_FAST_MATH = YES;
				ONLY_ACTIVE_ARCH = YES;
				SDKROOT = iphoneos;
				SWIFT_ACTIVE_COMPILATION_CONDITIONS = DEBUG;
				SWIFT_OPTIMIZATION_LEVEL = "-Onone";
			};
			name = Debug;
		};
		60A0E76C24E44FE40055385F /* Release */ = {
			isa = XCBuildConfiguration;
			buildSettings = {
				ALWAYS_SEARCH_USER_PATHS = NO;
				CLANG_ANALYZER_NONNULL = YES;
				CLANG_ANALYZER_NUMBER_OBJECT_CONVERSION = YES_AGGRESSIVE;
				CLANG_CXX_LANGUAGE_STANDARD = "gnu++14";
				CLANG_CXX_LIBRARY = "libc++";
				CLANG_ENABLE_MODULES = YES;
				CLANG_ENABLE_OBJC_ARC = YES;
				CLANG_ENABLE_OBJC_WEAK = YES;
				CLANG_WARN_BLOCK_CAPTURE_AUTORELEASING = YES;
				CLANG_WARN_BOOL_CONVERSION = YES;
				CLANG_WARN_COMMA = YES;
				CLANG_WARN_CONSTANT_CONVERSION = YES;
				CLANG_WARN_DEPRECATED_OBJC_IMPLEMENTATIONS = YES;
				CLANG_WARN_DIRECT_OBJC_ISA_USAGE = YES_ERROR;
				CLANG_WARN_DOCUMENTATION_COMMENTS = YES;
				CLANG_WARN_EMPTY_BODY = YES;
				CLANG_WARN_ENUM_CONVERSION = YES;
				CLANG_WARN_INFINITE_RECURSION = YES;
				CLANG_WARN_INT_CONVERSION = YES;
				CLANG_WARN_NON_LITERAL_NULL_CONVERSION = YES;
				CLANG_WARN_OBJC_IMPLICIT_RETAIN_SELF = YES;
				CLANG_WARN_OBJC_LITERAL_CONVERSION = YES;
				CLANG_WARN_OBJC_ROOT_CLASS = YES_ERROR;
				CLANG_WARN_RANGE_LOOP_ANALYSIS = YES;
				CLANG_WARN_STRICT_PROTOTYPES = YES;
				CLANG_WARN_SUSPICIOUS_MOVE = YES;
				CLANG_WARN_UNGUARDED_AVAILABILITY = YES_AGGRESSIVE;
				CLANG_WARN_UNREACHABLE_CODE = YES;
				CLANG_WARN__DUPLICATE_METHOD_MATCH = YES;
				COPY_PHASE_STRIP = NO;
				DEBUG_INFORMATION_FORMAT = "dwarf-with-dsym";
				ENABLE_NS_ASSERTIONS = NO;
				ENABLE_STRICT_OBJC_MSGSEND = YES;
				GCC_C_LANGUAGE_STANDARD = gnu11;
				GCC_NO_COMMON_BLOCKS = YES;
				GCC_WARN_64_TO_32_BIT_CONVERSION = YES;
				GCC_WARN_ABOUT_RETURN_TYPE = YES_ERROR;
				GCC_WARN_UNDECLARED_SELECTOR = YES;
				GCC_WARN_UNINITIALIZED_AUTOS = YES_AGGRESSIVE;
				GCC_WARN_UNUSED_FUNCTION = YES;
				GCC_WARN_UNUSED_VARIABLE = YES;
				IPHONEOS_DEPLOYMENT_TARGET = 13.6;
				MTL_ENABLE_DEBUG_INFO = NO;
				MTL_FAST_MATH = YES;
				SDKROOT = iphoneos;
				SWIFT_COMPILATION_MODE = wholemodule;
				SWIFT_OPTIMIZATION_LEVEL = "-O";
				VALIDATE_PRODUCT = YES;
			};
			name = Release;
		};
		60A0E76E24E44FE40055385F /* Debug */ = {
			isa = XCBuildConfiguration;
			buildSettings = {
				ASSETCATALOG_COMPILER_APPICON_NAME = AppIcon;
				CODE_SIGN_STYLE = Automatic;
				DEVELOPMENT_TEAM = HRVS9455XM;
				INFOPLIST_FILE = FoodFinder/Info.plist;
				IPHONEOS_DEPLOYMENT_TARGET = 13.5;
				LD_RUNPATH_SEARCH_PATHS = (
					"$(inherited)",
					"@executable_path/Frameworks",
				);
				PRODUCT_BUNDLE_IDENTIFIER = com.CodingChallenge.FoodFinder;
				PRODUCT_NAME = "$(TARGET_NAME)";
				SWIFT_VERSION = 5.0;
				TARGETED_DEVICE_FAMILY = "1,2";
			};
			name = Debug;
		};
		60A0E76F24E44FE40055385F /* Release */ = {
			isa = XCBuildConfiguration;
			buildSettings = {
				ASSETCATALOG_COMPILER_APPICON_NAME = AppIcon;
				CODE_SIGN_STYLE = Automatic;
				DEVELOPMENT_TEAM = HRVS9455XM;
				INFOPLIST_FILE = FoodFinder/Info.plist;
				IPHONEOS_DEPLOYMENT_TARGET = 13.5;
				LD_RUNPATH_SEARCH_PATHS = (
					"$(inherited)",
					"@executable_path/Frameworks",
				);
				PRODUCT_BUNDLE_IDENTIFIER = com.CodingChallenge.FoodFinder;
				PRODUCT_NAME = "$(TARGET_NAME)";
				SWIFT_VERSION = 5.0;
				TARGETED_DEVICE_FAMILY = "1,2";
			};
			name = Release;
		};
		60A0E77124E44FE40055385F /* Debug */ = {
			isa = XCBuildConfiguration;
			buildSettings = {
				ALWAYS_EMBED_SWIFT_STANDARD_LIBRARIES = YES;
				BUNDLE_LOADER = "$(TEST_HOST)";
				CODE_SIGN_STYLE = Automatic;
				DEVELOPMENT_TEAM = HRVS9455XM;
				INFOPLIST_FILE = FoodFinderTests/Info.plist;
				IPHONEOS_DEPLOYMENT_TARGET = 13.6;
				LD_RUNPATH_SEARCH_PATHS = (
					"$(inherited)",
					"@executable_path/Frameworks",
					"@loader_path/Frameworks",
				);
				PRODUCT_BUNDLE_IDENTIFIER = com.CodingChallenge.FoodFinderTests;
				PRODUCT_NAME = "$(TARGET_NAME)";
				SWIFT_VERSION = 5.0;
				TARGETED_DEVICE_FAMILY = "1,2";
				TEST_HOST = "$(BUILT_PRODUCTS_DIR)/FoodFinder.app/FoodFinder";
			};
			name = Debug;
		};
		60A0E77224E44FE40055385F /* Release */ = {
			isa = XCBuildConfiguration;
			buildSettings = {
				ALWAYS_EMBED_SWIFT_STANDARD_LIBRARIES = YES;
				BUNDLE_LOADER = "$(TEST_HOST)";
				CODE_SIGN_STYLE = Automatic;
				DEVELOPMENT_TEAM = HRVS9455XM;
				INFOPLIST_FILE = FoodFinderTests/Info.plist;
				IPHONEOS_DEPLOYMENT_TARGET = 13.6;
				LD_RUNPATH_SEARCH_PATHS = (
					"$(inherited)",
					"@executable_path/Frameworks",
					"@loader_path/Frameworks",
				);
				PRODUCT_BUNDLE_IDENTIFIER = com.CodingChallenge.FoodFinderTests;
				PRODUCT_NAME = "$(TARGET_NAME)";
				SWIFT_VERSION = 5.0;
				TARGETED_DEVICE_FAMILY = "1,2";
				TEST_HOST = "$(BUILT_PRODUCTS_DIR)/FoodFinder.app/FoodFinder";
			};
			name = Release;
		};
/* End XCBuildConfiguration section */

/* Begin XCConfigurationList section */
		60A0E74924E44FE10055385F /* Build configuration list for PBXProject "FoodFinder" */ = {
			isa = XCConfigurationList;
			buildConfigurations = (
				60A0E76B24E44FE40055385F /* Debug */,
				60A0E76C24E44FE40055385F /* Release */,
			);
			defaultConfigurationIsVisible = 0;
			defaultConfigurationName = Release;
		};
		60A0E76D24E44FE40055385F /* Build configuration list for PBXNativeTarget "FoodFinder" */ = {
			isa = XCConfigurationList;
			buildConfigurations = (
				60A0E76E24E44FE40055385F /* Debug */,
				60A0E76F24E44FE40055385F /* Release */,
			);
			defaultConfigurationIsVisible = 0;
			defaultConfigurationName = Release;
		};
		60A0E77024E44FE40055385F /* Build configuration list for PBXNativeTarget "FoodFinderTests" */ = {
			isa = XCConfigurationList;
			buildConfigurations = (
				60A0E77124E44FE40055385F /* Debug */,
				60A0E77224E44FE40055385F /* Release */,
			);
			defaultConfigurationIsVisible = 0;
			defaultConfigurationName = Release;
		};
/* End XCConfigurationList section */
	};
	rootObject = 60A0E74624E44FE10055385F /* Project object */;
}
